
Microsoft Visual Studio Solution File, Format Version 12.00
# Visual Studio Version 17
VisualStudioVersion = 17.9.34728.123
MinimumVisualStudioVersion = 10.0.40219.1
Project("{FAE04EC0-301F-11D3-BF4B-00C04F79EFBC}") = "RetoClases01", "RetoClases01\RetoClases01.csproj", "{274B1EC2-73DF-47EC-A75F-8C3BE0ECB1E8}"
EndProject
Project("{FAE04EC0-301F-11D3-BF4B-00C04F79EFBC}") = "Herencia", "Herencia\Herencia.csproj", "{638A9086-7BC2-4B03-9A6B-32A45C49C663}"
EndProject
Global
	GlobalSection(SolutionConfigurationPlatforms) = preSolution
		Debug|Any CPU = Debug|Any CPU
		Release|Any CPU = Release|Any CPU
	EndGlobalSection
	GlobalSection(ProjectConfigurationPlatforms) = postSolution
		{274B1EC2-73DF-47EC-A75F-8C3BE0ECB1E8}.Debug|Any CPU.ActiveCfg = Debug|Any CPU
		{274B1EC2-73DF-47EC-A75F-8C3BE0ECB1E8}.Debug|Any CPU.Build.0 = Debug|Any CPU
		{274B1EC2-73DF-47EC-A75F-8C3BE0ECB1E8}.Release|Any CPU.ActiveCfg = Release|Any CPU
		{274B1EC2-73DF-47EC-A75F-8C3BE0ECB1E8}.Release|Any CPU.Build.0 = Release|Any CPU
		{638A9086-7BC2-4B03-9A6B-32A45C49C663}.Debug|Any CPU.ActiveCfg = Debug|Any CPU
		{638A9086-7BC2-4B03-9A6B-32A45C49C663}.Debug|Any CPU.Build.0 = Debug|Any CPU
		{638A9086-7BC2-4B03-9A6B-32A45C49C663}.Release|Any CPU.ActiveCfg = Release|Any CPU
		{638A9086-7BC2-4B03-9A6B-32A45C49C663}.Release|Any CPU.Build.0 = Release|Any CPU
	EndGlobalSection
	GlobalSection(SolutionProperties) = preSolution
		HideSolutionNode = FALSE
	EndGlobalSection
	GlobalSection(ExtensibilityGlobals) = postSolution
		SolutionGuid = {5711D6FD-129F-44A9-93C0-F7A7B0FC7DA8}
	EndGlobalSection
EndGlobal
